
Microsoft Visual Studio Solution File, Format Version 12.00
# Visual Studio 14
VisualStudioVersion = 14.0.25420.1
MinimumVisualStudioVersion = 10.0.40219.1
Project("{FAE04EC0-301F-11D3-BF4B-00C04F79EFBC}") = "ReflectionIT.Analyzer", "ReflectionIT.Analyzer\ReflectionIT.Analyzer\ReflectionIT.Analyzer.csproj", "{1CBD1D3D-5239-47D5-B6F5-E089DD51D1C1}"
EndProject
Project("{FAE04EC0-301F-11D3-BF4B-00C04F79EFBC}") = "ReflectionIT.Analyzer.Test", "ReflectionIT.Analyzer\ReflectionIT.Analyzer.Test\ReflectionIT.Analyzer.Test.csproj", "{41E0AA1D-72D1-4399-9D39-1F69F19C04CA}"
EndProject
Project("{FAE04EC0-301F-11D3-BF4B-00C04F79EFBC}") = "ReflectionIT.Analyzer.Vsix", "ReflectionIT.Analyzer\ReflectionIT.Analyzer.Vsix\ReflectionIT.Analyzer.Vsix.csproj", "{CC099EEA-21E2-4917-88FB-CD632F56EBBA}"
EndProject
Project("{2150E333-8FDC-42A3-9474-1A3956D46DE8}") = "Solution Items", "Solution Items", "{BA30CCBE-AA9B-4554-8BA9-4D600B5909D4}"
	ProjectSection(SolutionItems) = preProject
		License.txt = License.txt
	EndProjectSection
EndProject
Global
	GlobalSection(SolutionConfigurationPlatforms) = preSolution
		Debug|Any CPU = Debug|Any CPU
		Release|Any CPU = Release|Any CPU
	EndGlobalSection
	GlobalSection(ProjectConfigurationPlatforms) = postSolution
		{1CBD1D3D-5239-47D5-B6F5-E089DD51D1C1}.Debug|Any CPU.ActiveCfg = Debug|Any CPU
		{1CBD1D3D-5239-47D5-B6F5-E089DD51D1C1}.Debug|Any CPU.Build.0 = Debug|Any CPU
		{1CBD1D3D-5239-47D5-B6F5-E089DD51D1C1}.Release|Any CPU.ActiveCfg = Release|Any CPU
		{1CBD1D3D-5239-47D5-B6F5-E089DD51D1C1}.Release|Any CPU.Build.0 = Release|Any CPU
		{41E0AA1D-72D1-4399-9D39-1F69F19C04CA}.Debug|Any CPU.ActiveCfg = Debug|Any CPU
		{41E0AA1D-72D1-4399-9D39-1F69F19C04CA}.Debug|Any CPU.Build.0 = Debug|Any CPU
		{41E0AA1D-72D1-4399-9D39-1F69F19C04CA}.Release|Any CPU.ActiveCfg = Release|Any CPU
		{41E0AA1D-72D1-4399-9D39-1F69F19C04CA}.Release|Any CPU.Build.0 = Release|Any CPU
		{CC099EEA-21E2-4917-88FB-CD632F56EBBA}.Debug|Any CPU.ActiveCfg = Debug|Any CPU
		{CC099EEA-21E2-4917-88FB-CD632F56EBBA}.Debug|Any CPU.Build.0 = Debug|Any CPU
		{CC099EEA-21E2-4917-88FB-CD632F56EBBA}.Release|Any CPU.ActiveCfg = Release|Any CPU
		{CC099EEA-21E2-4917-88FB-CD632F56EBBA}.Release|Any CPU.Build.0 = Release|Any CPU
	EndGlobalSection
	GlobalSection(SolutionProperties) = preSolution
		HideSolutionNode = FALSE
	EndGlobalSection
EndGlobal
