
Microsoft Visual Studio Solution File, Format Version 12.00
# Visual Studio 15
VisualStudioVersion = 15.0.27004.2005
MinimumVisualStudioVersion = 10.0.40219.1
Project("{9A19103F-16F7-4668-BE54-9A1E7A4F7556}") = "ReflectionIT.Analyzer", "ReflectionIT.Analyzer\ReflectionIT.Analyzer\ReflectionIT.Analyzer.csproj", "{1CBD1D3D-5239-47D5-B6F5-E089DD51D1C1}"
EndProject
Project("{FAE04EC0-301F-11D3-BF4B-00C04F79EFBC}") = "ReflectionIT.Analyzer.Vsix", "ReflectionIT.Analyzer\ReflectionIT.Analyzer.Vsix\ReflectionIT.Analyzer.Vsix.csproj", "{CC099EEA-21E2-4917-88FB-CD632F56EBBA}"
EndProject
Project("{9A19103F-16F7-4668-BE54-9A1E7A4F7556}") = "ReflectionIT.Refactoring", "ReflectionIT.Refactoring\ReflectionIT.Refactoring\ReflectionIT.Refactoring.csproj", "{5536036B-30DC-4921-B9CF-75758611A769}"
EndProject
Project("{FAE04EC0-301F-11D3-BF4B-00C04F79EFBC}") = "ReflectionIT.Refactoring.Vsix", "ReflectionIT.Refactoring\ReflectionIT.Refactoring.Vsix\ReflectionIT.Refactoring.Vsix.csproj", "{6BA35A42-43E4-4AAE-BE8E-15AC877EBE2B}"
EndProject
Global
	GlobalSection(SolutionConfigurationPlatforms) = preSolution
		Debug|Any CPU = Debug|Any CPU
		Release|Any CPU = Release|Any CPU
	EndGlobalSection
	GlobalSection(ProjectConfigurationPlatforms) = postSolution
		{1CBD1D3D-5239-47D5-B6F5-E089DD51D1C1}.Debug|Any CPU.ActiveCfg = Debug|Any CPU
		{1CBD1D3D-5239-47D5-B6F5-E089DD51D1C1}.Debug|Any CPU.Build.0 = Debug|Any CPU
		{1CBD1D3D-5239-47D5-B6F5-E089DD51D1C1}.Release|Any CPU.ActiveCfg = Release|Any CPU
		{1CBD1D3D-5239-47D5-B6F5-E089DD51D1C1}.Release|Any CPU.Build.0 = Release|Any CPU
		{CC099EEA-21E2-4917-88FB-CD632F56EBBA}.Debug|Any CPU.ActiveCfg = Debug|Any CPU
		{CC099EEA-21E2-4917-88FB-CD632F56EBBA}.Debug|Any CPU.Build.0 = Debug|Any CPU
		{CC099EEA-21E2-4917-88FB-CD632F56EBBA}.Release|Any CPU.ActiveCfg = Release|Any CPU
		{CC099EEA-21E2-4917-88FB-CD632F56EBBA}.Release|Any CPU.Build.0 = Release|Any CPU
		{5536036B-30DC-4921-B9CF-75758611A769}.Debug|Any CPU.ActiveCfg = Debug|Any CPU
		{5536036B-30DC-4921-B9CF-75758611A769}.Debug|Any CPU.Build.0 = Debug|Any CPU
		{5536036B-30DC-4921-B9CF-75758611A769}.Release|Any CPU.ActiveCfg = Release|Any CPU
		{5536036B-30DC-4921-B9CF-75758611A769}.Release|Any CPU.Build.0 = Release|Any CPU
		{6BA35A42-43E4-4AAE-BE8E-15AC877EBE2B}.Debug|Any CPU.ActiveCfg = Debug|Any CPU
		{6BA35A42-43E4-4AAE-BE8E-15AC877EBE2B}.Debug|Any CPU.Build.0 = Debug|Any CPU
		{6BA35A42-43E4-4AAE-BE8E-15AC877EBE2B}.Release|Any CPU.ActiveCfg = Release|Any CPU
		{6BA35A42-43E4-4AAE-BE8E-15AC877EBE2B}.Release|Any CPU.Build.0 = Release|Any CPU
	EndGlobalSection
	GlobalSection(SolutionProperties) = preSolution
		HideSolutionNode = FALSE
	EndGlobalSection
	GlobalSection(ExtensibilityGlobals) = postSolution
		SolutionGuid = {6E2359B1-A7E6-48C9-93C4-303C817453D1}
	EndGlobalSection
EndGlobal
